{
    "_readme": [
        "This file locks the dependencies of your project to a known state",
        "Read more about it at http://getcomposer.org/doc/01-basic-usage.md#composer-lock-the-lock-file",
        "This file is @generated automatically"
    ],
    "hash": "094bb66f978612b9952d3bbd131103ed",
    "packages": [
        {
            "name": "livepixel/mercado-pago",
            "version": "1.0.0",
            "source": {
                "type": "git",
                "url": "https://github.com/livepixel/mercado-pago.git",
                "reference": "3c1d288e54fbee82071d8fb0d8333ed4596ffa67"
            },
            "dist": {
                "type": "zip",
                "url": "https://api.github.com/repos/livepixel/mercado-pago/zipball/3c1d288e54fbee82071d8fb0d8333ed4596ffa67",
                "reference": "3c1d288e54fbee82071d8fb0d8333ed4596ffa67",
                "shasum": ""
            },
            "require": {
                "ext-curl": "*"
            },
            "type": "library",
            "autoload": {
                "psr-4": {
                    "LivePixel\\MercadoPago\\": "src/"
                }
            },
            "notification-url": "https://packagist.org/downloads/",
            "license": [
                "MIT"
            ],
            "authors": [
                {
                    "name": "Rodrigo Maia",
                    "email": "rodurma@gmail.com"
                }
            ],
            "description": "Mercado Pago API SDK for Laravel",
            "keywords": [
                "mercadopago",
                "sdk"
            ],
            "time": "2015-06-23 20:36:14"
        }
    ],
    "packages-dev": [],
    "aliases": [],
    "minimum-stability": "stable",
    "stability-flags": [],
    "prefer-stable": false,
    "prefer-lowest": false,
    "platform": [],
    "platform-dev": []
}
